
Microsoft Visual Studio Solution File, Format Version 12.00
# Visual Studio Version 16
VisualStudioVersion = 16.0.29230.47
MinimumVisualStudioVersion = 10.0.40219.1
Project("{FAE04EC0-301F-11D3-BF4B-00C04F79EFBC}") = "Try2", "Try2\Try2.csproj", "{DD13BF46-98AD-46C2-945F-9717061630CA}"
EndProject
Project("{FAE04EC0-301F-11D3-BF4B-00C04F79EFBC}") = "LWT.Magneefire.Authentication", "LWT.Magneefire.Authentication\LWT.Magneefire.Authentication.csproj", "{42566A9F-21C8-4A66-AFC1-E0ABE8DD3328}"
EndProject
Global
	GlobalSection(SolutionConfigurationPlatforms) = preSolution
		Debug|Any CPU = Debug|Any CPU
		Release|Any CPU = Release|Any CPU
	EndGlobalSection
	GlobalSection(ProjectConfigurationPlatforms) = postSolution
		{DD13BF46-98AD-46C2-945F-9717061630CA}.Debug|Any CPU.ActiveCfg = Debug|Any CPU
		{DD13BF46-98AD-46C2-945F-9717061630CA}.Debug|Any CPU.Build.0 = Debug|Any CPU
		{DD13BF46-98AD-46C2-945F-9717061630CA}.Release|Any CPU.ActiveCfg = Release|Any CPU
		{DD13BF46-98AD-46C2-945F-9717061630CA}.Release|Any CPU.Build.0 = Release|Any CPU
		{42566A9F-21C8-4A66-AFC1-E0ABE8DD3328}.Debug|Any CPU.ActiveCfg = Debug|Any CPU
		{42566A9F-21C8-4A66-AFC1-E0ABE8DD3328}.Debug|Any CPU.Build.0 = Debug|Any CPU
		{42566A9F-21C8-4A66-AFC1-E0ABE8DD3328}.Release|Any CPU.ActiveCfg = Release|Any CPU
		{42566A9F-21C8-4A66-AFC1-E0ABE8DD3328}.Release|Any CPU.Build.0 = Release|Any CPU
	EndGlobalSection
	GlobalSection(SolutionProperties) = preSolution
		HideSolutionNode = FALSE
	EndGlobalSection
	GlobalSection(ExtensibilityGlobals) = postSolution
		SolutionGuid = {56DDE757-597B-4994-A0C3-24CE7315850B}
	EndGlobalSection
EndGlobal
